
Microsoft Visual Studio Solution File, Format Version 12.00
# Visual Studio Version 17
VisualStudioVersion = 17.3.32825.248
MinimumVisualStudioVersion = 10.0.40219.1
Project("{FAE04EC0-301F-11D3-BF4B-00C04F79EFBC}") = "DentistryWeb", "DentistryWeb\DentistryWeb.csproj", "{8B2CA41C-33FF-406A-926C-29CE5B974B06}"
EndProject
Global
	GlobalSection(SolutionConfigurationPlatforms) = preSolution
		Debug|Any CPU = Debug|Any CPU
		Release|Any CPU = Release|Any CPU
	EndGlobalSection
	GlobalSection(ProjectConfigurationPlatforms) = postSolution
		{8B2CA41C-33FF-406A-926C-29CE5B974B06}.Debug|Any CPU.ActiveCfg = Debug|Any CPU
		{8B2CA41C-33FF-406A-926C-29CE5B974B06}.Debug|Any CPU.Build.0 = Debug|Any CPU
		{8B2CA41C-33FF-406A-926C-29CE5B974B06}.Release|Any CPU.ActiveCfg = Release|Any CPU
		{8B2CA41C-33FF-406A-926C-29CE5B974B06}.Release|Any CPU.Build.0 = Release|Any CPU
	EndGlobalSection
	GlobalSection(SolutionProperties) = preSolution
		HideSolutionNode = FALSE
	EndGlobalSection
	GlobalSection(ExtensibilityGlobals) = postSolution
		SolutionGuid = {8E4F7AE1-51CF-4EB9-AF77-BD823BE1C682}
	EndGlobalSection
EndGlobal
